
Microsoft Visual Studio Solution File, Format Version 12.00
# Visual Studio 14
VisualStudioVersion = 14.0.25420.1
MinimumVisualStudioVersion = 10.0.40219.1
Project("{FAE04EC0-301F-11D3-BF4B-00C04F79EFBC}") = "DependencyInjectionTesting", "DependencyInjectionTesting\DependencyInjectionTesting.csproj", "{614CD02F-F133-4FEA-B8D0-4762764F71CE}"
EndProject
Project("{FAE04EC0-301F-11D3-BF4B-00C04F79EFBC}") = "DependencyInjectionTesting.Tests", "DependencyInjectionTesting.Tests\DependencyInjectionTesting.Tests.csproj", "{4809316B-4610-462B-A8EA-9B6782AAA5F5}"
EndProject
Global
	GlobalSection(SolutionConfigurationPlatforms) = preSolution
		Debug|Any CPU = Debug|Any CPU
		Release|Any CPU = Release|Any CPU
	EndGlobalSection
	GlobalSection(ProjectConfigurationPlatforms) = postSolution
		{614CD02F-F133-4FEA-B8D0-4762764F71CE}.Debug|Any CPU.ActiveCfg = Debug|Any CPU
		{614CD02F-F133-4FEA-B8D0-4762764F71CE}.Debug|Any CPU.Build.0 = Debug|Any CPU
		{614CD02F-F133-4FEA-B8D0-4762764F71CE}.Release|Any CPU.ActiveCfg = Release|Any CPU
		{614CD02F-F133-4FEA-B8D0-4762764F71CE}.Release|Any CPU.Build.0 = Release|Any CPU
		{4809316B-4610-462B-A8EA-9B6782AAA5F5}.Debug|Any CPU.ActiveCfg = Debug|Any CPU
		{4809316B-4610-462B-A8EA-9B6782AAA5F5}.Debug|Any CPU.Build.0 = Debug|Any CPU
		{4809316B-4610-462B-A8EA-9B6782AAA5F5}.Release|Any CPU.ActiveCfg = Release|Any CPU
		{4809316B-4610-462B-A8EA-9B6782AAA5F5}.Release|Any CPU.Build.0 = Release|Any CPU
	EndGlobalSection
	GlobalSection(SolutionProperties) = preSolution
		HideSolutionNode = FALSE
	EndGlobalSection
EndGlobal
